{
  "name": "pixel-era-five-realms",
  "version": "1.0.0",
  "lockfileVersion": 3,
  "requires": true,
  "packages": {
    "": {
      "name": "pixel-era-five-realms",
      "version": "1.0.0",
      "devDependencies": {
        "@maaxyz/maa-node": "^5.12.2"
      }
    },
    "node_modules/@maaxyz/maa-node": {
      "version": "5.12.2",
      "resolved": "https://registry.npmmirror.com/@maaxyz/maa-node/-/maa-node-5.12.2.tgz",
      "integrity": "sha512-2MzI2x5uAKp4YScDIq96Mjns4JeZUbt9nqqXLj+uVAtK059KVaNwpa2kpCuV0y8ip3WK20ZChoq1jPL2+iqj/w==",
      "dev": true,
      "engines": {
        "node": ">= 20.0.0"
      },
      "optionalDependencies": {
        "@maaxyz/maa-node-darwin-arm64": "5.12.2",
        "@maaxyz/maa-node-darwin-x64": "5.12.2",
        "@maaxyz/maa-node-linux-arm64": "5.12.2",
        "@maaxyz/maa-node-linux-x64": "5.12.2",
        "@maaxyz/maa-node-win32-arm64": "5.12.2",
        "@maaxyz/maa-node-win32-x64": "5.12.2"
      }
    },
    "node_modules/@maaxyz/maa-node-darwin-arm64": {
      "version": "5.12.2",
      "resolved": "https://registry.npmmirror.com/@maaxyz/maa-node-darwin-arm64/-/maa-node-darwin-arm64-5.12.2.tgz",
      "integrity": "sha512-STd2t3yDz/U5eB08XzrKuE+gI11Reh7Ky+Q9/8dMTMoqkSSaWtL9+zTKtF+vFivCcOqDzR1tqiIU5P6MgO8Uog==",
      "cpu": [
        "arm64"
      ],
      "dev": true,
      "optional": true,
      "os": [
        "darwin"
      ]
    },
    "node_modules/@maaxyz/maa-node-darwin-x64": {
      "version": "5.12.2",
      "resolved": "https://registry.npmmirror.com/@maaxyz/maa-node-darwin-x64/-/maa-node-darwin-x64-5.12.2.tgz",
      "integrity": "sha512-2/sqFE2pfF5hwwSOSrIP9C4p4PVTaH3pBdZPC+qqkSmvrUDZ14aMnt5juh6pPqDLnvgvTtXFhRwZ3QSxZc650A==",
      "cpu": [
        "x64"
      ],
      "dev": true,
      "optional": true,
      "os": [
        "darwin"
      ]
    },
    "node_modules/@maaxyz/maa-node-linux-arm64": {
      "version": "5.12.2",
      "resolved": "https://registry.npmmirror.com/@maaxyz/maa-node-linux-arm64/-/maa-node-linux-arm64-5.12.2.tgz",
      "integrity": "sha512-NxAEZ+wOZiHR3GhKNJtaZCLKKlsuqEgtrUUEnletHv8VrJi5Y4RO+VKGQtMl4Wcq8viwuNHHGCEwj7EXx5IsHA==",
      "cpu": [
        "arm64"
      ],
      "dev": true,
      "optional": true,
      "os": [
        "linux"
      ]
    },
    "node_modules/@maaxyz/maa-node-linux-x64": {
      "version": "5.12.2",
      "resolved": "https://registry.npmmirror.com/@maaxyz/maa-node-linux-x64/-/maa-node-linux-x64-5.12.2.tgz",
      "integrity": "sha512-HU1z4SdCwsLAnPy7VRUvFcd1ks/kVWXUKs+6xZNyYq6P4eQWq/mwCNPv0dHvEbw9ccpuI8+g5TrTtfEgBoEd/g==",
      "cpu": [
        "x64"
      ],
      "dev": true,
      "optional": true,
      "os": [
        "linux"
      ]
    },
    "node_modules/@maaxyz/maa-node-win32-arm64": {
      "version": "5.12.2",
      "resolved": "https://registry.npmmirror.com/@maaxyz/maa-node-win32-arm64/-/maa-node-win32-arm64-5.12.2.tgz",
      "integrity": "sha512-LFLsRHwlqwdhjGt71uu6U+yv7/6M9QyMxM53ohYglbL8Yd/xzrzxpTTPKz3zvLnB6KXA2t1ZplHtFeYh/xqIcw==",
      "cpu": [
        "arm64"
      ],
      "dev": true,
      "optional": true,
      "os": [
        "win32"
      ]
    },
    "node_modules/@maaxyz/maa-node-win32-x64": {
      "version": "5.12.2",
      "resolved": "https://registry.npmmirror.com/@maaxyz/maa-node-win32-x64/-/maa-node-win32-x64-5.12.2.tgz",
      "integrity": "sha512-5TRc11c/ZYgvrN+LzrqqmkKoIxZ/JhpjVkJ+jolYebidhmuh1oV2CLA6LQH7l1toZf6CderrUnV395zTuAvK3Q==",
      "cpu": [
        "x64"
      ],
      "dev": true,
      "optional": true,
      "os": [
        "win32"
      ]
    }
  }
}
